{
  "meteor": {},
  "dependencies": {
    "basePackages": {
      "longuniquename:bootstrap": {
        "git": "https://github.com/dmitriyles/meteor-bootstrap-less.git",
        "branch": "master"
      },
      "longuniquename:roboto": {
        "git": "https://github.com/dmitriyles/meteor-roboto.git",
        "branch": "master"
      },
      "longuniquename:bootstrap-material": {
        "git": "https://github.com/dmitriyles/meteor-bootstrap-material.git",
        "branch": "master"
      },
      "longuniquename:open-graph": {
        "git": "https://github.com/dmitriyles/meteor-open-graph.git",
        "branch": "master"
      }
    },
    "packages": {
      "longuniquename:bootstrap": {
        "git": "https://github.com/dmitriyles/meteor-bootstrap-less.git",
        "branch": "master",
        "commit": "6759b65f1427c0d90a78f21357ccfba9560e24c3"
      },
      "longuniquename:roboto": {
        "git": "https://github.com/dmitriyles/meteor-roboto.git",
        "branch": "master",
        "commit": "180e70b6e1a0c384327724f4054be36ce13db17a"
      },
      "longuniquename:bootstrap-material": {
        "git": "https://github.com/dmitriyles/meteor-bootstrap-material.git",
        "branch": "master",
        "commit": "cfae3405db56e96df3615890de408155ff892b9f"
      },
      "longuniquename:open-graph": {
        "git": "https://github.com/dmitriyles/meteor-open-graph.git",
        "branch": "master",
        "commit": "3498022651dda82e708dc65221998c008ccd7d06"
      }
    }
  }
}
