{
  "meteor": {},
  "dependencies": {
    "basePackages": {
      "longuniquename:bootstrap": {
        "git": "https://github.com/dmitriyles/meteor-bootstrap-less.git",
        "branch": "master"
      },
      "longuniquename:roboto": {
        "git": "https://github.com/dmitriyles/meteor-roboto.git",
        "branch": "master"
      },
      "longuniquename:bootstrap-material": {
        "git": "https://github.com/dmitriyles/meteor-bootstrap-material.git",
        "branch": "master"
      },
      "longuniquename:open-graph": {
        "git": "https://github.com/dmitriyles/meteor-open-graph.git",
        "branch": "master"
      }
    },
    "packages": {
      "longuniquename:bootstrap": {
        "git": "https://github.com/dmitriyles/meteor-bootstrap-less.git",
        "branch": "master",
        "commit": "480c4bdbcc224031a56f9efd7e8ee8c78f328511"
      },
      "longuniquename:roboto": {
        "git": "https://github.com/dmitriyles/meteor-roboto.git",
        "branch": "master",
        "commit": "180e70b6e1a0c384327724f4054be36ce13db17a"
      },
      "longuniquename:bootstrap-material": {
        "git": "https://github.com/dmitriyles/meteor-bootstrap-material.git",
        "branch": "master",
        "commit": "a70a572a2284549e4720698b5f140e3338067d48"
      },
      "longuniquename:open-graph": {
        "git": "https://github.com/dmitriyles/meteor-open-graph.git",
        "branch": "master",
        "commit": "3498022651dda82e708dc65221998c008ccd7d06"
      }
    }
  }
}
